{
  "object": {
    "pins": [
      {
        "package": "cmark-gfm",
        "repositoryURL": "https://github.com/apple/swift-cmark.git",
        "state": {
          "branch": "gfm",
          "revision": "792c1c3326327515ce9bf64c44196b7f4daab9a6",
          "version": null
        }
      }
    ]
  },
  "version": 1
}
